
Microsoft Visual Studio Solution File, Format Version 12.00
# Visual Studio Version 17
VisualStudioVersion = 17.0.31903.59
MinimumVisualStudioVersion = 10.0.40219.1
Project("{2150E333-8FDC-42A3-9474-1A3956D46DE8}") = "src", "src", "{65DDFBEC-1277-4329-8484-14498977FAED}"
EndProject
Project("{2150E333-8FDC-42A3-9474-1A3956D46DE8}") = "Core.Packages", "Core.Packages", "{ADF05073-F8D2-4C8C-98D8-CFADEEB0EB66}"
EndProject
Project("{2150E333-8FDC-42A3-9474-1A3956D46DE8}") = "RentaCar", "RentaCar", "{F7A04291-2DB5-47A3-9498-BE77774F044D}"
EndProject
Project("{9A19103F-16F7-4668-BE54-9A1E7A4F7556}") = "Core.Persistence", "src\Core.Packages\Core.Persistence\Core.Persistence.csproj", "{3AE89720-0A2D-47C9-BAF7-2089BB12E2B6}"
EndProject
Project("{9A19103F-16F7-4668-BE54-9A1E7A4F7556}") = "WebAPI", "src\RentaCar\WebAPI\WebAPI.csproj", "{FF235D8A-2242-4F85-89AB-109088978124}"
EndProject
Project("{9A19103F-16F7-4668-BE54-9A1E7A4F7556}") = "Persistence", "src\RentaCar\Persistence\Persistence.csproj", "{60948AEB-0001-4734-A0D3-16A4032DE6B7}"
EndProject
Project("{9A19103F-16F7-4668-BE54-9A1E7A4F7556}") = "Domain", "src\RentaCar\Domain\Domain.csproj", "{FB31F5D1-8742-45C5-8C95-18EEADC1B873}"
EndProject
Project("{9A19103F-16F7-4668-BE54-9A1E7A4F7556}") = "Application", "src\RentaCar\Application\Application.csproj", "{C245B766-1A15-45B1-BF62-F8B7DB315259}"
EndProject
Project("{9A19103F-16F7-4668-BE54-9A1E7A4F7556}") = "Infrastucture", "src\RentaCar\Infrastucture\Infrastucture.csproj", "{5215EDA8-8CB9-407B-B615-9F6BB4214A65}"
EndProject
Project("{FAE04EC0-301F-11D3-BF4B-00C04F79EFBC}") = "Core.Application", "src\Core.Packages\Core.Application\Core.Application.csproj", "{051B6789-41DC-4C64-A702-D414874F0B9A}"
EndProject
Global
	GlobalSection(SolutionConfigurationPlatforms) = preSolution
		Debug|Any CPU = Debug|Any CPU
		Release|Any CPU = Release|Any CPU
	EndGlobalSection
	GlobalSection(ProjectConfigurationPlatforms) = postSolution
		{3AE89720-0A2D-47C9-BAF7-2089BB12E2B6}.Debug|Any CPU.ActiveCfg = Debug|Any CPU
		{3AE89720-0A2D-47C9-BAF7-2089BB12E2B6}.Debug|Any CPU.Build.0 = Debug|Any CPU
		{3AE89720-0A2D-47C9-BAF7-2089BB12E2B6}.Release|Any CPU.ActiveCfg = Release|Any CPU
		{3AE89720-0A2D-47C9-BAF7-2089BB12E2B6}.Release|Any CPU.Build.0 = Release|Any CPU
		{FF235D8A-2242-4F85-89AB-109088978124}.Debug|Any CPU.ActiveCfg = Debug|Any CPU
		{FF235D8A-2242-4F85-89AB-109088978124}.Debug|Any CPU.Build.0 = Debug|Any CPU
		{FF235D8A-2242-4F85-89AB-109088978124}.Release|Any CPU.ActiveCfg = Release|Any CPU
		{FF235D8A-2242-4F85-89AB-109088978124}.Release|Any CPU.Build.0 = Release|Any CPU
		{60948AEB-0001-4734-A0D3-16A4032DE6B7}.Debug|Any CPU.ActiveCfg = Debug|Any CPU
		{60948AEB-0001-4734-A0D3-16A4032DE6B7}.Debug|Any CPU.Build.0 = Debug|Any CPU
		{60948AEB-0001-4734-A0D3-16A4032DE6B7}.Release|Any CPU.ActiveCfg = Release|Any CPU
		{60948AEB-0001-4734-A0D3-16A4032DE6B7}.Release|Any CPU.Build.0 = Release|Any CPU
		{FB31F5D1-8742-45C5-8C95-18EEADC1B873}.Debug|Any CPU.ActiveCfg = Debug|Any CPU
		{FB31F5D1-8742-45C5-8C95-18EEADC1B873}.Debug|Any CPU.Build.0 = Debug|Any CPU
		{FB31F5D1-8742-45C5-8C95-18EEADC1B873}.Release|Any CPU.ActiveCfg = Release|Any CPU
		{FB31F5D1-8742-45C5-8C95-18EEADC1B873}.Release|Any CPU.Build.0 = Release|Any CPU
		{C245B766-1A15-45B1-BF62-F8B7DB315259}.Debug|Any CPU.ActiveCfg = Debug|Any CPU
		{C245B766-1A15-45B1-BF62-F8B7DB315259}.Debug|Any CPU.Build.0 = Debug|Any CPU
		{C245B766-1A15-45B1-BF62-F8B7DB315259}.Release|Any CPU.ActiveCfg = Release|Any CPU
		{C245B766-1A15-45B1-BF62-F8B7DB315259}.Release|Any CPU.Build.0 = Release|Any CPU
		{5215EDA8-8CB9-407B-B615-9F6BB4214A65}.Debug|Any CPU.ActiveCfg = Debug|Any CPU
		{5215EDA8-8CB9-407B-B615-9F6BB4214A65}.Debug|Any CPU.Build.0 = Debug|Any CPU
		{5215EDA8-8CB9-407B-B615-9F6BB4214A65}.Release|Any CPU.ActiveCfg = Release|Any CPU
		{5215EDA8-8CB9-407B-B615-9F6BB4214A65}.Release|Any CPU.Build.0 = Release|Any CPU
		{051B6789-41DC-4C64-A702-D414874F0B9A}.Debug|Any CPU.ActiveCfg = Debug|Any CPU
		{051B6789-41DC-4C64-A702-D414874F0B9A}.Debug|Any CPU.Build.0 = Debug|Any CPU
		{051B6789-41DC-4C64-A702-D414874F0B9A}.Release|Any CPU.ActiveCfg = Release|Any CPU
		{051B6789-41DC-4C64-A702-D414874F0B9A}.Release|Any CPU.Build.0 = Release|Any CPU
	EndGlobalSection
	GlobalSection(SolutionProperties) = preSolution
		HideSolutionNode = FALSE
	EndGlobalSection
	GlobalSection(NestedProjects) = preSolution
		{ADF05073-F8D2-4C8C-98D8-CFADEEB0EB66} = {65DDFBEC-1277-4329-8484-14498977FAED}
		{F7A04291-2DB5-47A3-9498-BE77774F044D} = {65DDFBEC-1277-4329-8484-14498977FAED}
		{3AE89720-0A2D-47C9-BAF7-2089BB12E2B6} = {ADF05073-F8D2-4C8C-98D8-CFADEEB0EB66}
		{FF235D8A-2242-4F85-89AB-109088978124} = {F7A04291-2DB5-47A3-9498-BE77774F044D}
		{60948AEB-0001-4734-A0D3-16A4032DE6B7} = {F7A04291-2DB5-47A3-9498-BE77774F044D}
		{FB31F5D1-8742-45C5-8C95-18EEADC1B873} = {F7A04291-2DB5-47A3-9498-BE77774F044D}
		{C245B766-1A15-45B1-BF62-F8B7DB315259} = {F7A04291-2DB5-47A3-9498-BE77774F044D}
		{5215EDA8-8CB9-407B-B615-9F6BB4214A65} = {F7A04291-2DB5-47A3-9498-BE77774F044D}
		{051B6789-41DC-4C64-A702-D414874F0B9A} = {ADF05073-F8D2-4C8C-98D8-CFADEEB0EB66}
	EndGlobalSection
EndGlobal
