
Microsoft Visual Studio Solution File, Format Version 12.00
# Visual Studio Version 17
VisualStudioVersion = 17.0.31903.59
MinimumVisualStudioVersion = 10.0.40219.1
Project("{2150E333-8FDC-42A3-9474-1A3956D46DE8}") = "src", "src", "{65DDFBEC-1277-4329-8484-14498977FAED}"
EndProject
Project("{FAE04EC0-301F-11D3-BF4B-00C04F79EFBC}") = "WebAPI", "src\WebAPI\WebAPI.csproj", "{3D078446-5D55-4C7C-9C42-3FA117915CDF}"
EndProject
Project("{FAE04EC0-301F-11D3-BF4B-00C04F79EFBC}") = "Persistence", "src\Persistence\Persistence.csproj", "{6E0A9F48-A5B1-4BE2-B0C4-BA23620971FC}"
EndProject
Project("{FAE04EC0-301F-11D3-BF4B-00C04F79EFBC}") = "Domain", "src\Domain\Domain.csproj", "{D8253C42-62BA-4445-B526-C10E5484AC02}"
EndProject
Project("{FAE04EC0-301F-11D3-BF4B-00C04F79EFBC}") = "Application", "src\Application\Application.csproj", "{B962C7A8-7E14-459E-860C-B3FD1E099289}"
EndProject
Project("{FAE04EC0-301F-11D3-BF4B-00C04F79EFBC}") = "Infrastucture", "src\Infrastucture\Infrastucture.csproj", "{52839622-62F9-4C66-A2FE-F6B85CF3D5D7}"
EndProject
Project("{2150E333-8FDC-42A3-9474-1A3956D46DE8}") = "Core.Packages", "Core.Packages", "{ADF05073-F8D2-4C8C-98D8-CFADEEB0EB66}"
EndProject
Project("{2150E333-8FDC-42A3-9474-1A3956D46DE8}") = "RentaCar", "RentaCar", "{F7A04291-2DB5-47A3-9498-BE77774F044D}"
EndProject
Global
	GlobalSection(SolutionProperties) = preSolution
		HideSolutionNode = FALSE
	EndGlobalSection
	GlobalSection(SolutionConfigurationPlatforms) = preSolution
		Debug|Any CPU = Debug|Any CPU
		Release|Any CPU = Release|Any CPU
	EndGlobalSection
	GlobalSection(ProjectConfigurationPlatforms) = postSolution
		{3D078446-5D55-4C7C-9C42-3FA117915CDF}.Debug|Any CPU.ActiveCfg = Debug|Any CPU
		{3D078446-5D55-4C7C-9C42-3FA117915CDF}.Debug|Any CPU.Build.0 = Debug|Any CPU
		{3D078446-5D55-4C7C-9C42-3FA117915CDF}.Release|Any CPU.ActiveCfg = Release|Any CPU
		{3D078446-5D55-4C7C-9C42-3FA117915CDF}.Release|Any CPU.Build.0 = Release|Any CPU
		{6E0A9F48-A5B1-4BE2-B0C4-BA23620971FC}.Debug|Any CPU.ActiveCfg = Debug|Any CPU
		{6E0A9F48-A5B1-4BE2-B0C4-BA23620971FC}.Debug|Any CPU.Build.0 = Debug|Any CPU
		{6E0A9F48-A5B1-4BE2-B0C4-BA23620971FC}.Release|Any CPU.ActiveCfg = Release|Any CPU
		{6E0A9F48-A5B1-4BE2-B0C4-BA23620971FC}.Release|Any CPU.Build.0 = Release|Any CPU
		{D8253C42-62BA-4445-B526-C10E5484AC02}.Debug|Any CPU.ActiveCfg = Debug|Any CPU
		{D8253C42-62BA-4445-B526-C10E5484AC02}.Debug|Any CPU.Build.0 = Debug|Any CPU
		{D8253C42-62BA-4445-B526-C10E5484AC02}.Release|Any CPU.ActiveCfg = Release|Any CPU
		{D8253C42-62BA-4445-B526-C10E5484AC02}.Release|Any CPU.Build.0 = Release|Any CPU
		{B962C7A8-7E14-459E-860C-B3FD1E099289}.Debug|Any CPU.ActiveCfg = Debug|Any CPU
		{B962C7A8-7E14-459E-860C-B3FD1E099289}.Debug|Any CPU.Build.0 = Debug|Any CPU
		{B962C7A8-7E14-459E-860C-B3FD1E099289}.Release|Any CPU.ActiveCfg = Release|Any CPU
		{B962C7A8-7E14-459E-860C-B3FD1E099289}.Release|Any CPU.Build.0 = Release|Any CPU
		{52839622-62F9-4C66-A2FE-F6B85CF3D5D7}.Debug|Any CPU.ActiveCfg = Debug|Any CPU
		{52839622-62F9-4C66-A2FE-F6B85CF3D5D7}.Debug|Any CPU.Build.0 = Debug|Any CPU
		{52839622-62F9-4C66-A2FE-F6B85CF3D5D7}.Release|Any CPU.ActiveCfg = Release|Any CPU
		{52839622-62F9-4C66-A2FE-F6B85CF3D5D7}.Release|Any CPU.Build.0 = Release|Any CPU
	EndGlobalSection
	GlobalSection(NestedProjects) = preSolution
		{3D078446-5D55-4C7C-9C42-3FA117915CDF} = {F7A04291-2DB5-47A3-9498-BE77774F044D}
		{6E0A9F48-A5B1-4BE2-B0C4-BA23620971FC} = {F7A04291-2DB5-47A3-9498-BE77774F044D}
		{D8253C42-62BA-4445-B526-C10E5484AC02} = {F7A04291-2DB5-47A3-9498-BE77774F044D}
		{B962C7A8-7E14-459E-860C-B3FD1E099289} = {F7A04291-2DB5-47A3-9498-BE77774F044D}
		{52839622-62F9-4C66-A2FE-F6B85CF3D5D7} = {F7A04291-2DB5-47A3-9498-BE77774F044D}
		{ADF05073-F8D2-4C8C-98D8-CFADEEB0EB66} = {65DDFBEC-1277-4329-8484-14498977FAED}
		{F7A04291-2DB5-47A3-9498-BE77774F044D} = {65DDFBEC-1277-4329-8484-14498977FAED}
	EndGlobalSection
EndGlobal
